// !$*UTF8*$!
{
	archiveVersion = 1;
	classes = {
	};
	objectVersion = 46;
	objects = {

/* Begin PBXBuildFile section */
		7BA041261DE52775004863E2 /* main.m in Sources */ = {isa = PBXBuildFile; fileRef = 7BA041251DE52775004863E2 /* main.m */; };
		7BA041291DE52775004863E2 /* AppDelegate.m in Sources */ = {isa = PBXBuildFile; fileRef = 7BA041281DE52775004863E2 /* AppDelegate.m */; };
		7BA0412C1DE52775004863E2 /* ViewController.m in Sources */ = {isa = PBXBuildFile; fileRef = 7BA0412B1DE52775004863E2 /* ViewController.m */; };
		7BA0412F1DE52775004863E2 /* Main.storyboard in Resources */ = {isa = PBXBuildFile; fileRef = 7BA0412D1DE52775004863E2 /* Main.storyboard */; };
		7BA041311DE52775004863E2 /* Assets.xcassets in Resources */ = {isa = PBXBuildFile; fileRef = 7BA041301DE52775004863E2 /* Assets.xcassets */; };
		7BA041341DE52775004863E2 /* LaunchScreen.storyboard in Resources */ = {isa = PBXBuildFile; fileRef = 7BA041321DE52775004863E2 /* LaunchScreen.storyboard */; };
		7BA0413C1DE5294D004863E2 /* categories.plist in Resources */ = {isa = PBXBuildFile; fileRef = 7BA0413B1DE5294D004863E2 /* categories.plist */; };
		7BA0413F1DE529B3004863E2 /* ZKJCategory.m in Sources */ = {isa = PBXBuildFile; fileRef = 7BA0413E1DE529B3004863E2 /* ZKJCategory.m */; };
/* End PBXBuildFile section */

/* Begin PBXFileReference section */
		7BA041211DE52775004863E2 /* 级联菜单（2个tableView，1个控制器）.app */ = {isa = PBXFileReference; explicitFileType = wrapper.application; includeInIndex = 0; path = "级联菜单（2个tableView，1个控制器）.app"; sourceTree = BUILT_PRODUCTS_DIR; };
		7BA041251DE52775004863E2 /* main.m */ = {isa = PBXFileReference; lastKnownFileType = sourcecode.c.objc; path = main.m; sourceTree = "<group>"; };
		7BA041271DE52775004863E2 /* AppDelegate.h */ = {isa = PBXFileReference; lastKnownFileType = sourcecode.c.h; path = AppDelegate.h; sourceTree = "<group>"; };
		7BA041281DE52775004863E2 /* AppDelegate.m */ = {isa = PBXFileReference; lastKnownFileType = sourcecode.c.objc; path = AppDelegate.m; sourceTree = "<group>"; };
		7BA0412A1DE52775004863E2 /* ViewController.h */ = {isa = PBXFileReference; lastKnownFileType = sourcecode.c.h; path = ViewController.h; sourceTree = "<group>"; };
		7BA0412B1DE52775004863E2 /* ViewController.m */ = {isa = PBXFileReference; lastKnownFileType = sourcecode.c.objc; path = ViewController.m; sourceTree = "<group>"; };
		7BA0412E1DE52775004863E2 /* Base */ = {isa = PBXFileReference; lastKnownFileType = file.storyboard; name = Base; path = Base.lproj/Main.storyboard; sourceTree = "<group>"; };
		7BA041301DE52775004863E2 /* Assets.xcassets */ = {isa = PBXFileReference; lastKnownFileType = folder.assetcatalog; path = Assets.xcassets; sourceTree = "<group>"; };
		7BA041331DE52775004863E2 /* Base */ = {isa = PBXFileReference; lastKnownFileType = file.storyboard; name = Base; path = Base.lproj/LaunchScreen.storyboard; sourceTree = "<group>"; };
		7BA041351DE52775004863E2 /* Info.plist */ = {isa = PBXFileReference; lastKnownFileType = text.plist.xml; path = Info.plist; sourceTree = "<group>"; };
		7BA0413B1DE5294D004863E2 /* categories.plist */ = {isa = PBXFileReference; fileEncoding = 4; lastKnownFileType = text.plist.xml; path = categories.plist; sourceTree = "<group>"; };
		7BA0413D1DE529B3004863E2 /* ZKJCategory.h */ = {isa = PBXFileReference; fileEncoding = 4; lastKnownFileType = sourcecode.c.h; path = ZKJCategory.h; sourceTree = "<group>"; };
		7BA0413E1DE529B3004863E2 /* ZKJCategory.m */ = {isa = PBXFileReference; fileEncoding = 4; lastKnownFileType = sourcecode.c.objc; path = ZKJCategory.m; sourceTree = "<group>"; };
/* End PBXFileReference section */

/* Begin PBXFrameworksBuildPhase section */
		7BA0411E1DE52775004863E2 /* Frameworks */ = {
			isa = PBXFrameworksBuildPhase;
			buildActionMask = 2147483647;
			files = (
			);
			runOnlyForDeploymentPostprocessing = 0;
		};
/* End PBXFrameworksBuildPhase section */

/* Begin PBXGroup section */
		7BA041181DE52775004863E2 = {
			isa = PBXGroup;
			children = (
				7BA041231DE52775004863E2 /* 级联菜单（2个tableView，1个控制器） */,
				7BA041221DE52775004863E2 /* Products */,
			);
			sourceTree = "<group>";
		};
		7BA041221DE52775004863E2 /* Products */ = {
			isa = PBXGroup;
			children = (
				7BA041211DE52775004863E2 /* 级联菜单（2个tableView，1个控制器）.app */,
			);
			name = Products;
			sourceTree = "<group>";
		};
		7BA041231DE52775004863E2 /* 级联菜单（2个tableView，1个控制器） */ = {
			isa = PBXGroup;
			children = (
				7BA041271DE52775004863E2 /* AppDelegate.h */,
				7BA041281DE52775004863E2 /* AppDelegate.m */,
				7BA0412A1DE52775004863E2 /* ViewController.h */,
				7BA0412B1DE52775004863E2 /* ViewController.m */,
				7BA041241DE52775004863E2 /* Supporting Files */,
				7BA0413D1DE529B3004863E2 /* ZKJCategory.h */,
				7BA0413E1DE529B3004863E2 /* ZKJCategory.m */,
			);
			path = "级联菜单（2个tableView，1个控制器）";
			sourceTree = "<group>";
		};
		7BA041241DE52775004863E2 /* Supporting Files */ = {
			isa = PBXGroup;
			children = (
				7BA0413B1DE5294D004863E2 /* categories.plist */,
				7BA0412D1DE52775004863E2 /* Main.storyboard */,
				7BA041301DE52775004863E2 /* Assets.xcassets */,
				7BA041321DE52775004863E2 /* LaunchScreen.storyboard */,
				7BA041351DE52775004863E2 /* Info.plist */,
				7BA041251DE52775004863E2 /* main.m */,
			);
			name = "Supporting Files";
			sourceTree = "<group>";
		};
/* End PBXGroup section */

/* Begin PBXNativeTarget section */
		7BA041201DE52775004863E2 /* 级联菜单（2个tableView，1个控制器） */ = {
			isa = PBXNativeTarget;
			buildConfigurationList = 7BA041381DE52775004863E2 /* Build configuration list for PBXNativeTarget "级联菜单（2个tableView，1个控制器）" */;
			buildPhases = (
				7BA0411D1DE52775004863E2 /* Sources */,
				7BA0411E1DE52775004863E2 /* Frameworks */,
				7BA0411F1DE52775004863E2 /* Resources */,
			);
			buildRules = (
			);
			dependencies = (
			);
			name = "级联菜单（2个tableView，1个控制器）";
			productName = "级联菜单（2个tableView，1个控制器）";
			productReference = 7BA041211DE52775004863E2 /* 级联菜单（2个tableView，1个控制器）.app */;
			productType = "com.apple.product-type.application";
		};
/* End PBXNativeTarget section */

/* Begin PBXProject section */
		7BA041191DE52775004863E2 /* Project object */ = {
			isa = PBXProject;
			attributes = {
				LastUpgradeCheck = 0800;
				ORGANIZATIONNAME = ZKJ;
				TargetAttributes = {
					7BA041201DE52775004863E2 = {
						CreatedOnToolsVersion = 8.0;
						DevelopmentTeam = PU39U8DFF5;
						ProvisioningStyle = Manual;
					};
				};
			};
			buildConfigurationList = 7BA0411C1DE52775004863E2 /* Build configuration list for PBXProject "级联菜单（2个tableView，1个控制器）" */;
			compatibilityVersion = "Xcode 3.2";
			developmentRegion = English;
			hasScannedForEncodings = 0;
			knownRegions = (
				en,
				Base,
			);
			mainGroup = 7BA041181DE52775004863E2;
			productRefGroup = 7BA041221DE52775004863E2 /* Products */;
			projectDirPath = "";
			projectRoot = "";
			targets = (
				7BA041201DE52775004863E2 /* 级联菜单（2个tableView，1个控制器） */,
			);
		};
/* End PBXProject section */

/* Begin PBXResourcesBuildPhase section */
		7BA0411F1DE52775004863E2 /* Resources */ = {
			isa = PBXResourcesBuildPhase;
			buildActionMask = 2147483647;
			files = (
				7BA0413C1DE5294D004863E2 /* categories.plist in Resources */,
				7BA041341DE52775004863E2 /* LaunchScreen.storyboard in Resources */,
				7BA041311DE52775004863E2 /* Assets.xcassets in Resources */,
				7BA0412F1DE52775004863E2 /* Main.storyboard in Resources */,
			);
			runOnlyForDeploymentPostprocessing = 0;
		};
/* End PBXResourcesBuildPhase section */

/* Begin PBXSourcesBuildPhase section */
		7BA0411D1DE52775004863E2 /* Sources */ = {
			isa = PBXSourcesBuildPhase;
			buildActionMask = 2147483647;
			files = (
				7BA0412C1DE52775004863E2 /* ViewController.m in Sources */,
				7BA0413F1DE529B3004863E2 /* ZKJCategory.m in Sources */,
				7BA041291DE52775004863E2 /* AppDelegate.m in Sources */,
				7BA041261DE52775004863E2 /* main.m in Sources */,
			);
			runOnlyForDeploymentPostprocessing = 0;
		};
/* End PBXSourcesBuildPhase section */

/* Begin PBXVariantGroup section */
		7BA0412D1DE52775004863E2 /* Main.storyboard */ = {
			isa = PBXVariantGroup;
			children = (
				7BA0412E1DE52775004863E2 /* Base */,
			);
			name = Main.storyboard;
			sourceTree = "<group>";
		};
		7BA041321DE52775004863E2 /* LaunchScreen.storyboard */ = {
			isa = PBXVariantGroup;
			children = (
				7BA041331DE52775004863E2 /* Base */,
			);
			name = LaunchScreen.storyboard;
			sourceTree = "<group>";
		};
/* End PBXVariantGroup section */

/* Begin XCBuildConfiguration section */
		7BA041361DE52775004863E2 /* Debug */ = {
			isa = XCBuildConfiguration;
			buildSettings = {
				ALWAYS_SEARCH_USER_PATHS = NO;
				CLANG_ANALYZER_NONNULL = YES;
				CLANG_CXX_LANGUAGE_STANDARD = "gnu++0x";
				CLANG_CXX_LIBRARY = "libc++";
				CLANG_ENABLE_MODULES = YES;
				CLANG_ENABLE_OBJC_ARC = YES;
				CLANG_WARN_BOOL_CONVERSION = YES;
				CLANG_WARN_CONSTANT_CONVERSION = YES;
				CLANG_WARN_DIRECT_OBJC_ISA_USAGE = YES_ERROR;
				CLANG_WARN_DOCUMENTATION_COMMENTS = YES;
				CLANG_WARN_EMPTY_BODY = YES;
				CLANG_WARN_ENUM_CONVERSION = YES;
				CLANG_WARN_INFINITE_RECURSION = YES;
				CLANG_WARN_INT_CONVERSION = YES;
				CLANG_WARN_OBJC_ROOT_CLASS = YES_ERROR;
				CLANG_WARN_SUSPICIOUS_MOVES = YES;
				CLANG_WARN_UNREACHABLE_CODE = YES;
				CLANG_WARN__DUPLICATE_METHOD_MATCH = YES;
				"CODE_SIGN_IDENTITY[sdk=iphoneos*]" = "iPhone Developer";
				COPY_PHASE_STRIP = NO;
				DEBUG_INFORMATION_FORMAT = dwarf;
				ENABLE_STRICT_OBJC_MSGSEND = YES;
				ENABLE_TESTABILITY = YES;
				GCC_C_LANGUAGE_STANDARD = gnu99;
				GCC_DYNAMIC_NO_PIC = NO;
				GCC_NO_COMMON_BLOCKS = YES;
				GCC_OPTIMIZATION_LEVEL = 0;
				GCC_PREPROCESSOR_DEFINITIONS = (
					"DEBUG=1",
					"$(inherited)",
				);
				GCC_WARN_64_TO_32_BIT_CONVERSION = YES;
				GCC_WARN_ABOUT_RETURN_TYPE = YES_ERROR;
				GCC_WARN_UNDECLARED_SELECTOR = YES;
				GCC_WARN_UNINITIALIZED_AUTOS = YES_AGGRESSIVE;
				GCC_WARN_UNUSED_FUNCTION = YES;
				GCC_WARN_UNUSED_VARIABLE = YES;
				IPHONEOS_DEPLOYMENT_TARGET = 10.0;
				MTL_ENABLE_DEBUG_INFO = YES;
				ONLY_ACTIVE_ARCH = YES;
				SDKROOT = iphoneos;
			};
			name = Debug;
		};
		7BA041371DE52775004863E2 /* Release */ = {
			isa = XCBuildConfiguration;
			buildSettings = {
				ALWAYS_SEARCH_USER_PATHS = NO;
				CLANG_ANALYZER_NONNULL = YES;
				CLANG_CXX_LANGUAGE_STANDARD = "gnu++0x";
				CLANG_CXX_LIBRARY = "libc++";
				CLANG_ENABLE_MODULES = YES;
				CLANG_ENABLE_OBJC_ARC = YES;
				CLANG_WARN_BOOL_CONVERSION = YES;
				CLANG_WARN_CONSTANT_CONVERSION = YES;
				CLANG_WARN_DIRECT_OBJC_ISA_USAGE = YES_ERROR;
				CLANG_WARN_DOCUMENTATION_COMMENTS = YES;
				CLANG_WARN_EMPTY_BODY = YES;
				CLANG_WARN_ENUM_CONVERSION = YES;
				CLANG_WARN_INFINITE_RECURSION = YES;
				CLANG_WARN_INT_CONVERSION = YES;
				CLANG_WARN_OBJC_ROOT_CLASS = YES_ERROR;
				CLANG_WARN_SUSPICIOUS_MOVES = YES;
				CLANG_WARN_UNREACHABLE_CODE = YES;
				CLANG_WARN__DUPLICATE_METHOD_MATCH = YES;
				"CODE_SIGN_IDENTITY[sdk=iphoneos*]" = "iPhone Developer";
				COPY_PHASE_STRIP = NO;
				DEBUG_INFORMATION_FORMAT = "dwarf-with-dsym";
				ENABLE_NS_ASSERTIONS = NO;
				ENABLE_STRICT_OBJC_MSGSEND = YES;
				GCC_C_LANGUAGE_STANDARD = gnu99;
				GCC_NO_COMMON_BLOCKS = YES;
				GCC_WARN_64_TO_32_BIT_CONVERSION = YES;
				GCC_WARN_ABOUT_RETURN_TYPE = YES_ERROR;
				GCC_WARN_UNDECLARED_SELECTOR = YES;
				GCC_WARN_UNINITIALIZED_AUTOS = YES_AGGRESSIVE;
				GCC_WARN_UNUSED_FUNCTION = YES;
				GCC_WARN_UNUSED_VARIABLE = YES;
				IPHONEOS_DEPLOYMENT_TARGET = 10.0;
				MTL_ENABLE_DEBUG_INFO = NO;
				SDKROOT = iphoneos;
				VALIDATE_PRODUCT = YES;
			};
			name = Release;
		};
		7BA041391DE52775004863E2 /* Debug */ = {
			isa = XCBuildConfiguration;
			buildSettings = {
				ASSETCATALOG_COMPILER_APPICON_NAME = AppIcon;
				CODE_SIGN_IDENTITY = "iPhone Developer: Zhang Chao (U9YF328994)";
				DEVELOPMENT_TEAM = PU39U8DFF5;
				INFOPLIST_FILE = "级联菜单（2个tableView，1个控制器）/Info.plist";
				IPHONEOS_DEPLOYMENT_TARGET = 8.0;
				LD_RUNPATH_SEARCH_PATHS = "$(inherited) @executable_path/Frameworks";
				PRODUCT_BUNDLE_IDENTIFIER = com.nbcb.mobilebank11.230;
				PRODUCT_NAME = "$(TARGET_NAME)";
				PROVISIONING_PROFILE = "ac5bebd2-1ad0-43e3-ae30-f364512b09ee";
				PROVISIONING_PROFILE_SPECIFIER = AlexSongDev;
			};
			name = Debug;
		};
		7BA0413A1DE52775004863E2 /* Release */ = {
			isa = XCBuildConfiguration;
			buildSettings = {
				ASSETCATALOG_COMPILER_APPICON_NAME = AppIcon;
				CODE_SIGN_IDENTITY = "iPhone Developer: Zhang Chao (U9YF328994)";
				DEVELOPMENT_TEAM = PU39U8DFF5;
				INFOPLIST_FILE = "级联菜单（2个tableView，1个控制器）/Info.plist";
				IPHONEOS_DEPLOYMENT_TARGET = 8.0;
				LD_RUNPATH_SEARCH_PATHS = "$(inherited) @executable_path/Frameworks";
				PRODUCT_BUNDLE_IDENTIFIER = com.nbcb.mobilebank11.230;
				PRODUCT_NAME = "$(TARGET_NAME)";
				PROVISIONING_PROFILE = "ac5bebd2-1ad0-43e3-ae30-f364512b09ee";
				PROVISIONING_PROFILE_SPECIFIER = AlexSongDev;
			};
			name = Release;
		};
/* End XCBuildConfiguration section */

/* Begin XCConfigurationList section */
		7BA0411C1DE52775004863E2 /* Build configuration list for PBXProject "级联菜单（2个tableView，1个控制器）" */ = {
			isa = XCConfigurationList;
			buildConfigurations = (
				7BA041361DE52775004863E2 /* Debug */,
				7BA041371DE52775004863E2 /* Release */,
			);
			defaultConfigurationIsVisible = 0;
			defaultConfigurationName = Release;
		};
		7BA041381DE52775004863E2 /* Build configuration list for PBXNativeTarget "级联菜单（2个tableView，1个控制器）" */ = {
			isa = XCConfigurationList;
			buildConfigurations = (
				7BA041391DE52775004863E2 /* Debug */,
				7BA0413A1DE52775004863E2 /* Release */,
			);
			defaultConfigurationIsVisible = 0;
		};
/* End XCConfigurationList section */
	};
	rootObject = 7BA041191DE52775004863E2 /* Project object */;
}
